
Microsoft Visual Studio Solution File, Format Version 12.00
# Visual Studio Version 17
VisualStudioVersion = 17.13.35931.197 d17.13
MinimumVisualStudioVersion = 10.0.40219.1
Project("{FAE04EC0-301F-11D3-BF4B-00C04F79EFBC}") = "MS.Compra.Api", "MS.Compra.Api\MS.Compra.Api.csproj", "{C44C5AB0-4CB1-4E35-9551-591A364C72DD}"
EndProject
Project("{FAE04EC0-301F-11D3-BF4B-00C04F79EFBC}") = "MS.Compra.Application", "MS.Compra.Application\MS.Compra.Application.csproj", "{7210A13A-9374-41EA-932B-9B61D495742D}"
EndProject
Project("{FAE04EC0-301F-11D3-BF4B-00C04F79EFBC}") = "MS.Compra.Domain", "MS.Compra.Domain\MS.Compra.Domain.csproj", "{567905B5-1C5A-4200-8A08-D0645955AAF1}"
EndProject
Project("{FAE04EC0-301F-11D3-BF4B-00C04F79EFBC}") = "MS.Compra.Infrastructure", "MS.Compra.Infrastructure\MS.Compra.Infrastructure.csproj", "{C6217406-1667-409A-8675-9021ADE36D93}"
EndProject
Global
	GlobalSection(SolutionConfigurationPlatforms) = preSolution
		Debug|Any CPU = Debug|Any CPU
		Release|Any CPU = Release|Any CPU
	EndGlobalSection
	GlobalSection(ProjectConfigurationPlatforms) = postSolution
		{C44C5AB0-4CB1-4E35-9551-591A364C72DD}.Debug|Any CPU.ActiveCfg = Debug|Any CPU
		{C44C5AB0-4CB1-4E35-9551-591A364C72DD}.Debug|Any CPU.Build.0 = Debug|Any CPU
		{C44C5AB0-4CB1-4E35-9551-591A364C72DD}.Release|Any CPU.ActiveCfg = Release|Any CPU
		{C44C5AB0-4CB1-4E35-9551-591A364C72DD}.Release|Any CPU.Build.0 = Release|Any CPU
		{7210A13A-9374-41EA-932B-9B61D495742D}.Debug|Any CPU.ActiveCfg = Debug|Any CPU
		{7210A13A-9374-41EA-932B-9B61D495742D}.Debug|Any CPU.Build.0 = Debug|Any CPU
		{7210A13A-9374-41EA-932B-9B61D495742D}.Release|Any CPU.ActiveCfg = Release|Any CPU
		{7210A13A-9374-41EA-932B-9B61D495742D}.Release|Any CPU.Build.0 = Release|Any CPU
		{567905B5-1C5A-4200-8A08-D0645955AAF1}.Debug|Any CPU.ActiveCfg = Debug|Any CPU
		{567905B5-1C5A-4200-8A08-D0645955AAF1}.Debug|Any CPU.Build.0 = Debug|Any CPU
		{567905B5-1C5A-4200-8A08-D0645955AAF1}.Release|Any CPU.ActiveCfg = Release|Any CPU
		{567905B5-1C5A-4200-8A08-D0645955AAF1}.Release|Any CPU.Build.0 = Release|Any CPU
		{C6217406-1667-409A-8675-9021ADE36D93}.Debug|Any CPU.ActiveCfg = Debug|Any CPU
		{C6217406-1667-409A-8675-9021ADE36D93}.Debug|Any CPU.Build.0 = Debug|Any CPU
		{C6217406-1667-409A-8675-9021ADE36D93}.Release|Any CPU.ActiveCfg = Release|Any CPU
		{C6217406-1667-409A-8675-9021ADE36D93}.Release|Any CPU.Build.0 = Release|Any CPU
	EndGlobalSection
	GlobalSection(SolutionProperties) = preSolution
		HideSolutionNode = FALSE
	EndGlobalSection
	GlobalSection(ExtensibilityGlobals) = postSolution
		SolutionGuid = {AE693C49-3CC7-4936-A081-260F3FCBEA87}
	EndGlobalSection
EndGlobal
